[[package]]
name = "attrs"
version = "22.1.0"
description = "Classes Without Boilerplate"
category = "dev"
optional = false
python-versions = ">=3.5"

[package.extras]
dev = ["cloudpickle", "coverage[toml] (>=5.0.2)", "furo", "hypothesis", "mypy (>=0.900,!=0.940)", "pre-commit", "pympler", "pytest (>=4.3.0)", "pytest-mypy-plugins", "sphinx", "sphinx-notfound-page", "zope.interface"]
docs = ["furo", "sphinx", "sphinx-notfound-page", "zope.interface"]
tests = ["cloudpickle", "coverage[toml] (>=5.0.2)", "hypothesis", "mypy (>=0.900,!=0.940)", "pympler", "pytest (>=4.3.0)", "pytest-mypy-plugins", "zope.interface"]
tests-no-zope = ["cloudpickle", "coverage[toml] (>=5.0.2)", "hypothesis", "mypy (>=0.900,!=0.940)", "pympler", "pytest (>=4.3.0)", "pytest-mypy-plugins"]

[[package]]
name = "certifi"
version = "2022.12.7"
description = "Python package for providing Mozilla's CA Bundle."
category = "main"
optional = false
python-versions = ">=3.6"

[[package]]
name = "charset-normalizer"
version = "2.1.1"
description = "The Real First Universal Charset Detector. Open, modern and actively maintained alternative to Chardet."
category = "main"
optional = false
python-versions = ">=3.6.0"

[package.extras]
unicode-backport = ["unicodedata2"]

[[package]]
name = "click"
version = "7.1.2"
description = "Composable command line interface toolkit"
category = "dev"
optional = false
python-versions = ">=2.7, !=3.0.*, !=3.1.*, !=3.2.*, !=3.3.*, !=3.4.*"

[[package]]
name = "colorama"
version = "0.4.6"
description = "Cross-platform colored terminal text."
category = "dev"
optional = false
python-versions = "!=3.0.*,!=3.1.*,!=3.2.*,!=3.3.*,!=3.4.*,!=3.5.*,!=3.6.*,>=2.7"

[[package]]
name = "exceptiongroup"
version = "1.0.4"
description = "Backport of PEP 654 (exception groups)"
category = "dev"
optional = false
python-versions = ">=3.7"

[package.extras]
test = ["pytest (>=6)"]

[[package]]
name = "flake8"
version = "5.0.4"
description = "the modular source code checker: pep8 pyflakes and co"
category = "dev"
optional = false
python-versions = ">=3.6.1"

[package.dependencies]
mccabe = ">=0.7.0,<0.8.0"
pycodestyle = ">=2.9.0,<2.10.0"
pyflakes = ">=2.5.0,<2.6.0"

[[package]]
name = "idna"
version = "3.4"
description = "Internationalized Domain Names in Applications (IDNA)"
category = "main"
optional = false
python-versions = ">=3.5"

[[package]]
name = "iniconfig"
version = "1.1.1"
description = "iniconfig: brain-dead simple config-ini parsing"
category = "dev"
optional = false
python-versions = "*"

[[package]]
name = "mccabe"
version = "0.7.0"
description = "McCabe checker, plugin for flake8"
category = "dev"
optional = false
python-versions = ">=3.6"

[[package]]
name = "packaging"
version = "21.3"
description = "Core utilities for Python packages"
category = "dev"
optional = false
python-versions = ">=3.6"

[package.dependencies]
pyparsing = ">=2.0.2,<3.0.5 || >3.0.5"

[[package]]
name = "pluggy"
version = "1.0.0"
description = "plugin and hook calling mechanisms for python"
category = "dev"
optional = false
python-versions = ">=3.6"

[package.extras]
dev = ["pre-commit", "tox"]
testing = ["pytest", "pytest-benchmark"]

[[package]]
name = "pycodestyle"
version = "2.9.1"
description = "Python style guide checker"
category = "dev"
optional = false
python-versions = ">=3.6"

[[package]]
name = "pyflakes"
version = "2.5.0"
description = "passive checker of Python programs"
category = "dev"
optional = false
python-versions = ">=3.6"

[[package]]
name = "pyparsing"
version = "3.0.9"
description = "pyparsing module - Classes and methods to define and execute parsing grammars"
category = "dev"
optional = false
python-versions = ">=3.6.8"

[package.extras]
diagrams = ["jinja2", "railroad-diagrams"]

[[package]]
name = "pyqt6"
version = "6.1.0"
description = "Python bindings for the Qt cross platform application toolkit"
category = "dev"
optional = false
python-versions = ">=3.6.1"

[package.dependencies]
PyQt6-Qt6 = ">=6.1.0"
PyQt6-sip = ">=13.1,<14"

[[package]]
name = "pyqt6-plugins"
version = "6.1.0.2.2"
description = "PyQt Designer and QML plugins"
category = "dev"
optional = false
python-versions = ">=3.5"

[package.dependencies]
click = "*"
pyqt6 = "6.1.0"
qt6-tools = ">=6.1.0.1.2,<6.1.0.2"

[[package]]
name = "pyqt6-qt6"
version = "6.4.1"
description = "The subset of a Qt installation needed by PyQt6."
category = "dev"
optional = false
python-versions = "*"

[[package]]
name = "pyqt6-sip"
version = "13.4.0"
description = "The sip module support for PyQt6"
category = "dev"
optional = false
python-versions = ">=3.7"

[[package]]
name = "pyqt6-tools"
version = "6.1.0.3.2"
description = "PyQt Designer and QML plugins"
category = "dev"
optional = false
python-versions = ">=3.5"

[package.dependencies]
click = "*"
pyqt6 = "6.1.0"
pyqt6-plugins = ">=6.1.0.2.2,<6.1.0.3"
python-dotenv = "*"

[[package]]
name = "pyside6"
version = "6.4.0.1"
description = "Python bindings for the Qt cross-platform application and UI framework"
category = "main"
optional = false
python-versions = "<3.12,>=3.7"

[package.dependencies]
PySide6-Addons = "6.4.0.1"
PySide6-Essentials = "6.4.0.1"
shiboken6 = "6.4.0.1"

[[package]]
name = "pyside6-addons"
version = "6.4.0.1"
description = "Python bindings for the Qt cross-platform application and UI framework (Addons)"
category = "main"
optional = false
python-versions = "<3.12,>=3.7"

[package.dependencies]
PySide6-Essentials = "6.4.0.1"
shiboken6 = "6.4.0.1"

[[package]]
name = "pyside6-essentials"
version = "6.4.0.1"
description = "Python bindings for the Qt cross-platform application and UI framework (Essentials)"
category = "main"
optional = false
python-versions = "<3.12,>=3.7"

[package.dependencies]
shiboken6 = "6.4.0.1"

[[package]]
name = "pytest"
version = "7.2.0"
description = "pytest: simple powerful testing with Python"
category = "dev"
optional = false
python-versions = ">=3.7"

[package.dependencies]
attrs = ">=19.2.0"
colorama = {version = "*", markers = "sys_platform == \"win32\""}
exceptiongroup = {version = ">=1.0.0rc8", markers = "python_version < \"3.11\""}
iniconfig = "*"
packaging = "*"
pluggy = ">=0.12,<2.0"
tomli = {version = ">=1.0.0", markers = "python_version < \"3.11\""}

[package.extras]
testing = ["argcomplete", "hypothesis (>=3.56)", "mock", "nose", "pygments (>=2.7.2)", "requests", "xmlschema"]

[[package]]
name = "python-dotenv"
version = "0.21.0"
description = "Read key-value pairs from a .env file and set them as environment variables"
category = "dev"
optional = false
python-versions = ">=3.7"

[package.extras]
cli = ["click (>=5.0)"]

[[package]]
name = "qt6-applications"
version = "6.1.0.2.2"
description = "The collection of Qt tools easily installable in Python"
category = "dev"
optional = false
python-versions = ">=3.5"

[[package]]
name = "qt6-tools"
version = "6.1.0.1.2"
description = "Wrappers for the raw Qt programs from qt6-applications"
category = "dev"
optional = false
python-versions = ">=3.5"

[package.dependencies]
click = ">=7.0,<8.0"
qt6-applications = ">=6.1.0.2.2,<6.1.0.3"

[[package]]
name = "requests"
version = "2.28.1"
description = "Python HTTP for Humans."
category = "main"
optional = false
python-versions = ">=3.7, <4"

[package.dependencies]
certifi = ">=2017.4.17"
charset-normalizer = ">=2,<3"
idna = ">=2.5,<4"
urllib3 = ">=1.21.1,<1.27"

[package.extras]
socks = ["PySocks (>=1.5.6,!=1.5.7)"]
use-chardet-on-py3 = ["chardet (>=3.0.2,<6)"]

[[package]]
name = "shiboken6"
version = "6.4.0.1"
description = "Python/C++ bindings helper module"
category = "main"
optional = false
python-versions = "<3.12,>=3.7"

[[package]]
name = "tomli"
version = "2.0.1"
description = "A lil' TOML parser"
category = "dev"
optional = false
python-versions = ">=3.7"

[[package]]
name = "urllib3"
version = "1.26.13"
description = "HTTP library with thread-safe connection pooling, file post, and more."
category = "main"
optional = false
python-versions = ">=2.7, !=3.0.*, !=3.1.*, !=3.2.*, !=3.3.*, !=3.4.*, !=3.5.*"

[package.extras]
brotli = ["brotli (>=1.0.9)", "brotlicffi (>=0.8.0)", "brotlipy (>=0.6.0)"]
secure = ["certifi", "cryptography (>=1.3.4)", "idna (>=2.0.0)", "ipaddress", "pyOpenSSL (>=0.14)", "urllib3-secure-extra"]
socks = ["PySocks (>=1.5.6,!=1.5.7,<2.0)"]

[metadata]
lock-version = "1.1"
python-versions = "3.9.15"
content-hash = "1ba012f42e1a1cb8cfe2053a0fff5f24c69a7598d3d80208bd55eea32d4cffee"

[metadata.files]
attrs = [
    {file = "attrs-22.1.0-py2.py3-none-any.whl", hash = "sha256:86efa402f67bf2df34f51a335487cf46b1ec130d02b8d39fd248abfd30da551c"},
    {file = "attrs-22.1.0.tar.gz", hash = "sha256:29adc2665447e5191d0e7c568fde78b21f9672d344281d0c6e1ab085429b22b6"},
]
certifi = [
    {file = "certifi-2022.12.7-py3-none-any.whl", hash = "sha256:4ad3232f5e926d6718ec31cfc1fcadfde020920e278684144551c91769c7bc18"},
    {file = "certifi-2022.12.7.tar.gz", hash = "sha256:35824b4c3a97115964b408844d64aa14db1cc518f6562e8d7261699d1350a9e3"},
]
charset-normalizer = [
    {file = "charset-normalizer-2.1.1.tar.gz", hash = "sha256:5a3d016c7c547f69d6f81fb0db9449ce888b418b5b9952cc5e6e66843e9dd845"},
    {file = "charset_normalizer-2.1.1-py3-none-any.whl", hash = "sha256:83e9a75d1911279afd89352c68b45348559d1fc0506b054b346651b5e7fee29f"},
]
click = [
    {file = "click-7.1.2-py2.py3-none-any.whl", hash = "sha256:dacca89f4bfadd5de3d7489b7c8a566eee0d3676333fbb50030263894c38c0dc"},
    {file = "click-7.1.2.tar.gz", hash = "sha256:d2b5255c7c6349bc1bd1e59e08cd12acbbd63ce649f2588755783aa94dfb6b1a"},
]
colorama = [
    {file = "colorama-0.4.6-py2.py3-none-any.whl", hash = "sha256:4f1d9991f5acc0ca119f9d443620b77f9d6b33703e51011c16baf57afb285fc6"},
    {file = "colorama-0.4.6.tar.gz", hash = "sha256:08695f5cb7ed6e0531a20572697297273c47b8cae5a63ffc6d6ed5c201be6e44"},
]
exceptiongroup = [
    {file = "exceptiongroup-1.0.4-py3-none-any.whl", hash = "sha256:542adf9dea4055530d6e1279602fa5cb11dab2395fa650b8674eaec35fc4a828"},
    {file = "exceptiongroup-1.0.4.tar.gz", hash = "sha256:bd14967b79cd9bdb54d97323216f8fdf533e278df937aa2a90089e7d6e06e5ec"},
]
flake8 = [
    {file = "flake8-5.0.4-py2.py3-none-any.whl", hash = "sha256:7a1cf6b73744f5806ab95e526f6f0d8c01c66d7bbe349562d22dfca20610b248"},
    {file = "flake8-5.0.4.tar.gz", hash = "sha256:6fbe320aad8d6b95cec8b8e47bc933004678dc63095be98528b7bdd2a9f510db"},
]
idna = [
    {file = "idna-3.4-py3-none-any.whl", hash = "sha256:90b77e79eaa3eba6de819a0c442c0b4ceefc341a7a2ab77d7562bf49f425c5c2"},
    {file = "idna-3.4.tar.gz", hash = "sha256:814f528e8dead7d329833b91c5faa87d60bf71824cd12a7530b5526063d02cb4"},
]
iniconfig = [
    {file = "iniconfig-1.1.1-py2.py3-none-any.whl", hash = "sha256:011e24c64b7f47f6ebd835bb12a743f2fbe9a26d4cecaa7f53bc4f35ee9da8b3"},
    {file = "iniconfig-1.1.1.tar.gz", hash = "sha256:bc3af051d7d14b2ee5ef9969666def0cd1a000e121eaea580d4a313df4b37f32"},
]
mccabe = [
    {file = "mccabe-0.7.0-py2.py3-none-any.whl", hash = "sha256:6c2d30ab6be0e4a46919781807b4f0d834ebdd6c6e3dca0bda5a15f863427b6e"},
    {file = "mccabe-0.7.0.tar.gz", hash = "sha256:348e0240c33b60bbdf4e523192ef919f28cb2c3d7d5c7794f74009290f236325"},
]
packaging = [
    {file = "packaging-21.3-py3-none-any.whl", hash = "sha256:ef103e05f519cdc783ae24ea4e2e0f508a9c99b2d4969652eed6a2e1ea5bd522"},
    {file = "packaging-21.3.tar.gz", hash = "sha256:dd47c42927d89ab911e606518907cc2d3a1f38bbd026385970643f9c5b8ecfeb"},
]
pluggy = [
    {file = "pluggy-1.0.0-py2.py3-none-any.whl", hash = "sha256:74134bbf457f031a36d68416e1509f34bd5ccc019f0bcc952c7b909d06b37bd3"},
    {file = "pluggy-1.0.0.tar.gz", hash = "sha256:4224373bacce55f955a878bf9cfa763c1e360858e330072059e10bad68531159"},
]
pycodestyle = [
    {file = "pycodestyle-2.9.1-py2.py3-none-any.whl", hash = "sha256:d1735fc58b418fd7c5f658d28d943854f8a849b01a5d0a1e6f3f3fdd0166804b"},
    {file = "pycodestyle-2.9.1.tar.gz", hash = "sha256:2c9607871d58c76354b697b42f5d57e1ada7d261c261efac224b664affdc5785"},
]
pyflakes = [
    {file = "pyflakes-2.5.0-py2.py3-none-any.whl", hash = "sha256:4579f67d887f804e67edb544428f264b7b24f435b263c4614f384135cea553d2"},
    {file = "pyflakes-2.5.0.tar.gz", hash = "sha256:491feb020dca48ccc562a8c0cbe8df07ee13078df59813b83959cbdada312ea3"},
]
pyparsing = [
    {file = "pyparsing-3.0.9-py3-none-any.whl", hash = "sha256:5026bae9a10eeaefb61dab2f09052b9f4307d44aee4eda64b309723d8d206bbc"},
    {file = "pyparsing-3.0.9.tar.gz", hash = "sha256:2b020ecf7d21b687f219b71ecad3631f644a47f01403fa1d1036b0c6416d70fb"},
]
pyqt6 = [
    {file = "PyQt6-6.1.0-cp36.cp37.cp38.cp39-abi3-macosx_10_14_intel.whl", hash = "sha256:b9c982cd26873ca74a7cf369db9634c415ab3fd6892102feea440d06f8ad46b6"},
    {file = "PyQt6-6.1.0-cp36.cp37.cp38.cp39-abi3-manylinux_2_28_x86_64.whl", hash = "sha256:52b7c390b0f02f21a3d74f345208efc52f8dd9e2d385811a4d8a8a51925a64a9"},
    {file = "PyQt6-6.1.0-cp36.cp37.cp38.cp39-none-win_amd64.whl", hash = "sha256:f29ee1a314a20a6c51601f27ed889244f156a77a2b3e1a435dc6ac587eb97904"},
    {file = "PyQt6-6.1.0.tar.gz", hash = "sha256:9b45df6c404d7297598b91378d1e3f9bdf0970553ebb53c192a9051576098f9b"},
]
pyqt6-plugins = [
    {file = "pyqt6_plugins-6.1.0.2.2-cp36-cp36m-macosx_10_14_x86_64.whl", hash = "sha256:29e131efa68c984d73f5a76dd82ec745364de00818ef1b91aeef247ab753d89c"},
    {file = "pyqt6_plugins-6.1.0.2.2-cp36-cp36m-manylinux2014_x86_64.whl", hash = "sha256:090e8c1de6063feb0f9757b7336d2949607859d53441e5d20c786d53be9a4e93"},
    {file = "pyqt6_plugins-6.1.0.2.2-cp36-cp36m-win_amd64.whl", hash = "sha256:6e5858ade1f562a792f6a0c251fbeaa7af44cb2ec4306d48419e4dffe985ef62"},
    {file = "pyqt6_plugins-6.1.0.2.2-cp37-cp37m-macosx_10_14_x86_64.whl", hash = "sha256:369fbe72e2ab7d01005762379cfab282fafae705e348d7295d9fc113cffed09c"},
    {file = "pyqt6_plugins-6.1.0.2.2-cp37-cp37m-manylinux2014_x86_64.whl", hash = "sha256:8b0297346b76ab097d945ad37cee1dfbe4bb8ae7e2b94590295976dc4d7d753f"},
    {file = "pyqt6_plugins-6.1.0.2.2-cp37-cp37m-win_amd64.whl", hash = "sha256:0b62abed8b4602535e489208d1dd6415ecfca1cce4eb3e3693e22a4866bdd1f0"},
    {file = "pyqt6_plugins-6.1.0.2.2-cp38-cp38-macosx_10_14_x86_64.whl", hash = "sha256:5a001b31da8b94134cceb0d65553407fcf1668f21be32b6c1b7943f29fea1475"},
    {file = "pyqt6_plugins-6.1.0.2.2-cp38-cp38-manylinux2014_x86_64.whl", hash = "sha256:451f4afb993ce99a45649de89ad6d7604c16ac2c1a46b40ebf98c1e32b7daf40"},
    {file = "pyqt6_plugins-6.1.0.2.2-cp38-cp38-win_amd64.whl", hash = "sha256:2083fc37389dccb7d381857313e8a7476897a9a48cecea3fd3d49bc0ac0600b5"},
    {file = "pyqt6_plugins-6.1.0.2.2-cp39-cp39-macosx_10_14_x86_64.whl", hash = "sha256:8524e1e5daa45bdb97ac7141159d9bf2ee837ee814fa79c0a6ebc697c070fc20"},
    {file = "pyqt6_plugins-6.1.0.2.2-cp39-cp39-manylinux2014_x86_64.whl", hash = "sha256:61b3c93278fff353c1fffb0a6760639472ef641d69658f7666949f075afae0f4"},
    {file = "pyqt6_plugins-6.1.0.2.2-cp39-cp39-win_amd64.whl", hash = "sha256:e16f2284c909c3038894bf8cbecc2067727ada98991547e1eac04289a4d2b3cb"},
]
pyqt6-qt6 = [
    {file = "PyQt6_Qt6-6.4.1-py3-none-macosx_10_14_x86_64.whl", hash = "sha256:b47087932f10cc39dab63cd0d2d23d7e3e204547c5e6559adfe58d665fa8ee4f"},
    {file = "PyQt6_Qt6-6.4.1-py3-none-macosx_11_0_arm64.whl", hash = "sha256:0de4aebdc469c61a36d43b868f4b45d89bb94aaf13779ed5c0080da4b416997c"},
    {file = "PyQt6_Qt6-6.4.1-py3-none-manylinux_2_28_x86_64.whl", hash = "sha256:791e9f0115bdc9ff22bf807b573393f2b9f7e2d1f07fc2d8351350ca141ebaf1"},
    {file = "PyQt6_Qt6-6.4.1-py3-none-win_amd64.whl", hash = "sha256:31a4557fed53e96feedae46624e420bafd261c0c01d92a1a1aad2c1646144f56"},
]
pyqt6-sip = [
    {file = "PyQt6_sip-13.4.0-cp310-cp310-macosx_10_9_universal2.whl", hash = "sha256:3ac7e0800180202dcc0c7035ff88c2a6f4a0f5acb20c4a19f71d807d0f7857b7"},
    {file = "PyQt6_sip-13.4.0-cp310-cp310-manylinux1_x86_64.whl", hash = "sha256:bb4f2e2fdcf3a8dafe4256750bbedd9e7107c4fd8afa9c25be28423c36bb12b8"},
    {file = "PyQt6_sip-13.4.0-cp310-cp310-win_amd64.whl", hash = "sha256:de601187055d684b36ebe6e800a5deacaa55b69d71ad43312b76422cfeae0e12"},
    {file = "PyQt6_sip-13.4.0-cp311-cp311-macosx_10_9_universal2.whl", hash = "sha256:e3b17308ca729bcb6d25c01144c6b2e17d40812231c3ef9caaa72a78db2b1069"},
    {file = "PyQt6_sip-13.4.0-cp311-cp311-manylinux_2_5_x86_64.manylinux1_x86_64.whl", hash = "sha256:d51704d50b82713fd7c928b7deb31e17be239ddac74fc2fd708e52bd21ecea3a"},
    {file = "PyQt6_sip-13.4.0-cp311-cp311-win_amd64.whl", hash = "sha256:77af9c7e3f50414ec5af9b1534aaf2ba25115ae65aa5ed735111c8ef0884b862"},
    {file = "PyQt6_sip-13.4.0-cp37-cp37m-macosx_10_9_x86_64.whl", hash = "sha256:83b446d247a92d119d507dbc94fc1f47389d8118a5b6232a2859951157319a30"},
    {file = "PyQt6_sip-13.4.0-cp37-cp37m-manylinux1_x86_64.whl", hash = "sha256:802b0cfed19900183220c46895c2635f0dd062f2d275a25506423f911ef74db4"},
    {file = "PyQt6_sip-13.4.0-cp37-cp37m-win_amd64.whl", hash = "sha256:2694ae67811cefb6ea3ee0e9995755b45e4952f4dcadec8c04300fd828f91c75"},
    {file = "PyQt6_sip-13.4.0-cp38-cp38-macosx_10_9_x86_64.whl", hash = "sha256:9e03c780846fd5d71c06e33322fd11a05713d9cd410e3571d069ac9a84077647"},
    {file = "PyQt6_sip-13.4.0-cp38-cp38-manylinux1_x86_64.whl", hash = "sha256:9c5231536e6153071b22175e46e368045fd08d772a90d772a0977d1166c7822c"},
    {file = "PyQt6_sip-13.4.0-cp38-cp38-win_amd64.whl", hash = "sha256:cfdcd43e123bd55c155cfe7a33895033e6d25de90a48ed9c25a0ddd0196a810e"},
    {file = "PyQt6_sip-13.4.0-cp39-cp39-macosx_10_9_universal2.whl", hash = "sha256:3de18c4a32f717a351d560a39f528af24077f5135aacfa8890a2f2d79f0633da"},
    {file = "PyQt6_sip-13.4.0-cp39-cp39-manylinux1_x86_64.whl", hash = "sha256:fd2df2a9479b8ac858117bd55dc0ec0bd1ce6c8f3486b0cc5e860c0540a8bba0"},
    {file = "PyQt6_sip-13.4.0-cp39-cp39-win_amd64.whl", hash = "sha256:3486914137f5336cff6e10a5e9d52c1e60ff883473938b45f267f794daeacb2f"},
    {file = "PyQt6_sip-13.4.0.tar.gz", hash = "sha256:6d87a3ee5872d7511b76957d68a32109352caf3b7a42a01d9ee20032b350d979"},
]
pyqt6-tools = [
    {file = "pyqt6_tools-6.1.0.3.2-py3-none-any.whl", hash = "sha256:4a9d21150752a043eb7e731255e0df77d33cf95112ffcc1b8d722fb95aaac9cb"},
]
pyside6 = [
    {file = "PySide6-6.4.0.1-cp37-abi3-macosx_10_9_universal2.whl", hash = "sha256:a45ea81fa4d1fdb7aeb7250508b07fa209e6bfb26becf5b24751d3769cade292"},
    {file = "PySide6-6.4.0.1-cp37-abi3-manylinux_2_28_x86_64.whl", hash = "sha256:90bb074469c37155c69fbfe85d85d23e52973df784bf7bc0d36c646ebdf985a4"},
    {file = "PySide6-6.4.0.1-cp37-abi3-win_amd64.whl", hash = "sha256:e255f9cb5fa13c4f4c8a1e90f3e6619336787d8700f476b8bb3d432917c68ed6"},
    {file = "PySide6-6.4.0.1-pp39-pypy39_pp73-macosx_10_9_universal2.whl", hash = "sha256:1821f3f06357961ddf63db1bd73b3d91b5d7a57ce27994bf8ba910a930a411c9"},
    {file = "PySide6-6.4.0.1-pp39-pypy39_pp73-manylinux_2_28_x86_64.whl", hash = "sha256:ab4f5913cf3a97ed2a5a388b781887e50750142b847e57b52ffa15bb0510af9d"},
    {file = "PySide6-6.4.0.1-pp39-pypy39_pp73-win_amd64.whl", hash = "sha256:3dae6611f425da55fcc2ed0494496a07812751a89c2f9801f6072a3349106a62"},
]
pyside6-addons = [
    {file = "PySide6_Addons-6.4.0.1-cp37-abi3-macosx_10_9_universal2.whl", hash = "sha256:a9f55608e4b1ff8a35305e2d4341f5f735ad3eafa042dff7381792b84e0c50c8"},
    {file = "PySide6_Addons-6.4.0.1-cp37-abi3-manylinux_2_28_x86_64.whl", hash = "sha256:fc993a682a290ec63ba3f8b4cf66de8185b076bb6e77756e8d256b643b74cf41"},
    {file = "PySide6_Addons-6.4.0.1-cp37-abi3-win_amd64.whl", hash = "sha256:ed9653074e33b417ec51dfae4852cbf4aaeda1856ce877f85d58854784baa3dc"},
    {file = "PySide6_Addons-6.4.0.1-pp39-pypy39_pp73-macosx_10_9_universal2.whl", hash = "sha256:4bcf6e86d53f0ac92092bb66a6a3ee40fa8ff9e46f8418bdec9d6d95256211f4"},
    {file = "PySide6_Addons-6.4.0.1-pp39-pypy39_pp73-manylinux_2_28_x86_64.whl", hash = "sha256:d5e4f11efc360be8f93cd9a8837019f6ea79cd63e0770c3c2917d7c4b44bc55c"},
    {file = "PySide6_Addons-6.4.0.1-pp39-pypy39_pp73-win_amd64.whl", hash = "sha256:43d21d7cfb2e507e293cced61b13e1d125212c6b650a61ab97ce7fe9a758008e"},
]
pyside6-essentials = [
    {file = "PySide6_Essentials-6.4.0.1-cp37-abi3-macosx_10_9_universal2.whl", hash = "sha256:7f1d2d3b1aa5f2ababc6a25d0c0748fc41f6aa0d79626f98e0c86d1805928a1a"},
    {file = "PySide6_Essentials-6.4.0.1-cp37-abi3-manylinux_2_28_x86_64.whl", hash = "sha256:1ba1c475568392db633da032799ff84e4b1c8e0ba863e88118b4f5ae0c312fb1"},
    {file = "PySide6_Essentials-6.4.0.1-cp37-abi3-win_amd64.whl", hash = "sha256:0c1f968699c4c1d2e131fd5c690228170f764324e6dc0e1b80f978fbc29923de"},
    {file = "PySide6_Essentials-6.4.0.1-pp39-pypy39_pp73-macosx_10_9_universal2.whl", hash = "sha256:3ea3b8b7bb792ad6a58d1186606ff6a3a782b09007dc4517649fe300d7beaf51"},
    {file = "PySide6_Essentials-6.4.0.1-pp39-pypy39_pp73-manylinux_2_28_x86_64.whl", hash = "sha256:8cbc5cb78e78f6c2dfe225ce997c198e8a95a19b3f44b8d3ccc14a324d6b6e9c"},
    {file = "PySide6_Essentials-6.4.0.1-pp39-pypy39_pp73-win_amd64.whl", hash = "sha256:6950ad5d946a61a879634d14cb1bb0205f157b9d270fdc536049d1444aeb14d0"},
]
pytest = [
    {file = "pytest-7.2.0-py3-none-any.whl", hash = "sha256:892f933d339f068883b6fd5a459f03d85bfcb355e4981e146d2c7616c21fef71"},
    {file = "pytest-7.2.0.tar.gz", hash = "sha256:c4014eb40e10f11f355ad4e3c2fb2c6c6d1919c73f3b5a433de4708202cade59"},
]
python-dotenv = [
    {file = "python-dotenv-0.21.0.tar.gz", hash = "sha256:b77d08274639e3d34145dfa6c7008e66df0f04b7be7a75fd0d5292c191d79045"},
    {file = "python_dotenv-0.21.0-py3-none-any.whl", hash = "sha256:1684eb44636dd462b66c3ee016599815514527ad99965de77f43e0944634a7e5"},
]
qt6-applications = [
    {file = "qt6_applications-6.1.0.2.2-py3-none-macosx_10_14_x86_64.whl", hash = "sha256:8fa09bafb8ed86f7620734000e9d8a2dc95f4198ce21937b349d093f5f1ab5ed"},
    {file = "qt6_applications-6.1.0.2.2-py3-none-manylinux2014_x86_64.whl", hash = "sha256:c2b9e1d816f0b4b8aae317e11f5d15bc19e5bdfa3ac1c1b655620fdba08f626b"},
    {file = "qt6_applications-6.1.0.2.2-py3-none-win_amd64.whl", hash = "sha256:2745b48a095aecf0349adeb46067ce8d9034b4dcde1134d686f2f8e3777234f9"},
]
qt6-tools = [
    {file = "qt6_tools-6.1.0.1.2-py3-none-any.whl", hash = "sha256:96f9a53a7e555e89328e6a036164808143954186481b447bd36337c0b5219d0a"},
]
requests = [
    {file = "requests-2.28.1-py3-none-any.whl", hash = "sha256:8fefa2a1a1365bf5520aac41836fbee479da67864514bdb821f31ce07ce65349"},
    {file = "requests-2.28.1.tar.gz", hash = "sha256:7c5599b102feddaa661c826c56ab4fee28bfd17f5abca1ebbe3e7f19d7c97983"},
]
shiboken6 = [
    {file = "shiboken6-6.4.0.1-cp37-abi3-macosx_10_9_universal2.whl", hash = "sha256:491f3394c771e6da85b89ec39394da76b4e11d4ff697250f8ea26f0a08eb2471"},
    {file = "shiboken6-6.4.0.1-cp37-abi3-manylinux_2_28_x86_64.whl", hash = "sha256:e7f91a1f88ec27b2039df1ea4c92eb89cf7c93d80f93363db66f7a226dad9439"},
    {file = "shiboken6-6.4.0.1-cp37-abi3-win_amd64.whl", hash = "sha256:8056529749dcad1f0f9b4b1113898de0f39f8b83cd09a38eaf9252f3fef681ad"},
    {file = "shiboken6-6.4.0.1-pp39-pypy39_pp73-macosx_10_9_universal2.whl", hash = "sha256:3031d769ced7018bcc96cced81e2a79afc5424071fbf819802c48aafe4d2da1d"},
    {file = "shiboken6-6.4.0.1-pp39-pypy39_pp73-manylinux_2_28_x86_64.whl", hash = "sha256:09f27c7425ecd2ce6debdf7771a56b2fbc36527b6097b3a1b21339c61287f842"},
    {file = "shiboken6-6.4.0.1-pp39-pypy39_pp73-win_amd64.whl", hash = "sha256:edd3c3abcff8fee7fc6051d0c63a72fcfc1451e0fd60094430d35aa1720000bf"},
]
tomli = [
    {file = "tomli-2.0.1-py3-none-any.whl", hash = "sha256:939de3e7a6161af0c887ef91b7d41a53e7c5a1ca976325f429cb46ea9bc30ecc"},
    {file = "tomli-2.0.1.tar.gz", hash = "sha256:de526c12914f0c550d15924c62d72abc48d6fe7364aa87328337a31007fe8a4f"},
]
urllib3 = [
    {file = "urllib3-1.26.13-py2.py3-none-any.whl", hash = "sha256:47cc05d99aaa09c9e72ed5809b60e7ba354e64b59c9c173ac3018642d8bb41fc"},
    {file = "urllib3-1.26.13.tar.gz", hash = "sha256:c083dd0dce68dbfbe1129d5271cb90f9447dea7d52097c6e0126120c521ddea8"},
]
